// !$*UTF8*$!
{
	archiveVersion = 1;
	classes = {
	};
	objectVersion = 50;
	objects = {

/* Begin PBXBuildFile section */
		ED17036D2208F4A8001D9C45 /* AppDelegate.swift in Sources */ = {isa = PBXBuildFile; fileRef = ED17036C2208F4A8001D9C45 /* AppDelegate.swift */; };
		ED1703722208F4A8001D9C45 /* Main.storyboard in Resources */ = {isa = PBXBuildFile; fileRef = ED1703702208F4A8001D9C45 /* Main.storyboard */; };
		ED1703742208F4A9001D9C45 /* Assets.xcassets in Resources */ = {isa = PBXBuildFile; fileRef = ED1703732208F4A9001D9C45 /* Assets.xcassets */; };
		ED1703772208F4A9001D9C45 /* LaunchScreen.storyboard in Resources */ = {isa = PBXBuildFile; fileRef = ED1703752208F4A9001D9C45 /* LaunchScreen.storyboard */; };
		ED1703842208F50B001D9C45 /* Post.swift in Sources */ = {isa = PBXBuildFile; fileRef = ED1703832208F50B001D9C45 /* Post.swift */; };
		ED1703862208F517001D9C45 /* PostController.swift in Sources */ = {isa = PBXBuildFile; fileRef = ED1703852208F516001D9C45 /* PostController.swift */; };
		ED17038A2208F6AB001D9C45 /* PostListViewController.swift in Sources */ = {isa = PBXBuildFile; fileRef = ED1703892208F6AB001D9C45 /* PostListViewController.swift */; };
/* End PBXBuildFile section */

/* Begin PBXFileReference section */
		ED1703692208F4A8001D9C45 /* POST2.app */ = {isa = PBXFileReference; explicitFileType = wrapper.application; includeInIndex = 0; path = POST2.app; sourceTree = BUILT_PRODUCTS_DIR; };
		ED17036C2208F4A8001D9C45 /* AppDelegate.swift */ = {isa = PBXFileReference; lastKnownFileType = sourcecode.swift; path = AppDelegate.swift; sourceTree = "<group>"; };
		ED1703712208F4A8001D9C45 /* Base */ = {isa = PBXFileReference; lastKnownFileType = file.storyboard; name = Base; path = Base.lproj/Main.storyboard; sourceTree = "<group>"; };
		ED1703732208F4A9001D9C45 /* Assets.xcassets */ = {isa = PBXFileReference; lastKnownFileType = folder.assetcatalog; path = Assets.xcassets; sourceTree = "<group>"; };
		ED1703762208F4A9001D9C45 /* Base */ = {isa = PBXFileReference; lastKnownFileType = file.storyboard; name = Base; path = Base.lproj/LaunchScreen.storyboard; sourceTree = "<group>"; };
		ED1703782208F4A9001D9C45 /* Info.plist */ = {isa = PBXFileReference; lastKnownFileType = text.plist.xml; path = Info.plist; sourceTree = "<group>"; };
		ED1703832208F50B001D9C45 /* Post.swift */ = {isa = PBXFileReference; lastKnownFileType = sourcecode.swift; path = Post.swift; sourceTree = "<group>"; };
		ED1703852208F516001D9C45 /* PostController.swift */ = {isa = PBXFileReference; lastKnownFileType = sourcecode.swift; path = PostController.swift; sourceTree = "<group>"; };
		ED1703892208F6AB001D9C45 /* PostListViewController.swift */ = {isa = PBXFileReference; lastKnownFileType = sourcecode.swift; path = PostListViewController.swift; sourceTree = "<group>"; };
/* End PBXFileReference section */

/* Begin PBXFrameworksBuildPhase section */
		ED1703662208F4A8001D9C45 /* Frameworks */ = {
			isa = PBXFrameworksBuildPhase;
			buildActionMask = 2147483647;
			files = (
			);
			runOnlyForDeploymentPostprocessing = 0;
		};
/* End PBXFrameworksBuildPhase section */

/* Begin PBXGroup section */
		ED1703602208F4A8001D9C45 = {
			isa = PBXGroup;
			children = (
				ED17036B2208F4A8001D9C45 /* POST2 */,
				ED17036A2208F4A8001D9C45 /* Products */,
			);
			sourceTree = "<group>";
		};
		ED17036A2208F4A8001D9C45 /* Products */ = {
			isa = PBXGroup;
			children = (
				ED1703692208F4A8001D9C45 /* POST2.app */,
			);
			name = Products;
			sourceTree = "<group>";
		};
		ED17036B2208F4A8001D9C45 /* POST2 */ = {
			isa = PBXGroup;
			children = (
				ED17037E2208F4CF001D9C45 /* Resources */,
				ED17037F2208F4D8001D9C45 /* Storyboards */,
				ED1703872208F521001D9C45 /* Models */,
				ED1703882208F526001D9C45 /* Controllers */,
			);
			path = POST2;
			sourceTree = "<group>";
		};
		ED17037E2208F4CF001D9C45 /* Resources */ = {
			isa = PBXGroup;
			children = (
				ED17036C2208F4A8001D9C45 /* AppDelegate.swift */,
				ED1703732208F4A9001D9C45 /* Assets.xcassets */,
				ED1703752208F4A9001D9C45 /* LaunchScreen.storyboard */,
				ED1703782208F4A9001D9C45 /* Info.plist */,
			);
			path = Resources;
			sourceTree = "<group>";
		};
		ED17037F2208F4D8001D9C45 /* Storyboards */ = {
			isa = PBXGroup;
			children = (
				ED1703702208F4A8001D9C45 /* Main.storyboard */,
			);
			path = Storyboards;
			sourceTree = "<group>";
		};
		ED1703872208F521001D9C45 /* Models */ = {
			isa = PBXGroup;
			children = (
				ED1703832208F50B001D9C45 /* Post.swift */,
			);
			path = Models;
			sourceTree = "<group>";
		};
		ED1703882208F526001D9C45 /* Controllers */ = {
			isa = PBXGroup;
			children = (
				ED1703852208F516001D9C45 /* PostController.swift */,
				ED1703892208F6AB001D9C45 /* PostListViewController.swift */,
			);
			path = Controllers;
			sourceTree = "<group>";
		};
/* End PBXGroup section */

/* Begin PBXNativeTarget section */
		ED1703682208F4A8001D9C45 /* POST2 */ = {
			isa = PBXNativeTarget;
			buildConfigurationList = ED17037B2208F4A9001D9C45 /* Build configuration list for PBXNativeTarget "POST2" */;
			buildPhases = (
				ED1703652208F4A8001D9C45 /* Sources */,
				ED1703662208F4A8001D9C45 /* Frameworks */,
				ED1703672208F4A8001D9C45 /* Resources */,
			);
			buildRules = (
			);
			dependencies = (
			);
			name = POST2;
			productName = POST2;
			productReference = ED1703692208F4A8001D9C45 /* POST2.app */;
			productType = "com.apple.product-type.application";
		};
/* End PBXNativeTarget section */

/* Begin PBXProject section */
		ED1703612208F4A8001D9C45 /* Project object */ = {
			isa = PBXProject;
			attributes = {
				LastSwiftUpdateCheck = 1010;
				LastUpgradeCheck = 1010;
				ORGANIZATIONNAME = "Nathan Andrus";
				TargetAttributes = {
					ED1703682208F4A8001D9C45 = {
						CreatedOnToolsVersion = 10.1;
					};
				};
			};
			buildConfigurationList = ED1703642208F4A8001D9C45 /* Build configuration list for PBXProject "POST2" */;
			compatibilityVersion = "Xcode 9.3";
			developmentRegion = en;
			hasScannedForEncodings = 0;
			knownRegions = (
				en,
				Base,
			);
			mainGroup = ED1703602208F4A8001D9C45;
			productRefGroup = ED17036A2208F4A8001D9C45 /* Products */;
			projectDirPath = "";
			projectRoot = "";
			targets = (
				ED1703682208F4A8001D9C45 /* POST2 */,
			);
		};
/* End PBXProject section */

/* Begin PBXResourcesBuildPhase section */
		ED1703672208F4A8001D9C45 /* Resources */ = {
			isa = PBXResourcesBuildPhase;
			buildActionMask = 2147483647;
			files = (
				ED1703772208F4A9001D9C45 /* LaunchScreen.storyboard in Resources */,
				ED1703742208F4A9001D9C45 /* Assets.xcassets in Resources */,
				ED1703722208F4A8001D9C45 /* Main.storyboard in Resources */,
			);
			runOnlyForDeploymentPostprocessing = 0;
		};
/* End PBXResourcesBuildPhase section */

/* Begin PBXSourcesBuildPhase section */
		ED1703652208F4A8001D9C45 /* Sources */ = {
			isa = PBXSourcesBuildPhase;
			buildActionMask = 2147483647;
			files = (
				ED17038A2208F6AB001D9C45 /* PostListViewController.swift in Sources */,
				ED1703862208F517001D9C45 /* PostController.swift in Sources */,
				ED17036D2208F4A8001D9C45 /* AppDelegate.swift in Sources */,
				ED1703842208F50B001D9C45 /* Post.swift in Sources */,
			);
			runOnlyForDeploymentPostprocessing = 0;
		};
/* End PBXSourcesBuildPhase section */

/* Begin PBXVariantGroup section */
		ED1703702208F4A8001D9C45 /* Main.storyboard */ = {
			isa = PBXVariantGroup;
			children = (
				ED1703712208F4A8001D9C45 /* Base */,
			);
			name = Main.storyboard;
			sourceTree = "<group>";
		};
		ED1703752208F4A9001D9C45 /* LaunchScreen.storyboard */ = {
			isa = PBXVariantGroup;
			children = (
				ED1703762208F4A9001D9C45 /* Base */,
			);
			name = LaunchScreen.storyboard;
			sourceTree = "<group>";
		};
/* End PBXVariantGroup section */

/* Begin XCBuildConfiguration section */
		ED1703792208F4A9001D9C45 /* Debug */ = {
			isa = XCBuildConfiguration;
			buildSettings = {
				ALWAYS_SEARCH_USER_PATHS = NO;
				CLANG_ANALYZER_NONNULL = YES;
				CLANG_ANALYZER_NUMBER_OBJECT_CONVERSION = YES_AGGRESSIVE;
				CLANG_CXX_LANGUAGE_STANDARD = "gnu++14";
				CLANG_CXX_LIBRARY = "libc++";
				CLANG_ENABLE_MODULES = YES;
				CLANG_ENABLE_OBJC_ARC = YES;
				CLANG_ENABLE_OBJC_WEAK = YES;
				CLANG_WARN_BLOCK_CAPTURE_AUTORELEASING = YES;
				CLANG_WARN_BOOL_CONVERSION = YES;
				CLANG_WARN_COMMA = YES;
				CLANG_WARN_CONSTANT_CONVERSION = YES;
				CLANG_WARN_DEPRECATED_OBJC_IMPLEMENTATIONS = YES;
				CLANG_WARN_DIRECT_OBJC_ISA_USAGE = YES_ERROR;
				CLANG_WARN_DOCUMENTATION_COMMENTS = YES;
				CLANG_WARN_EMPTY_BODY = YES;
				CLANG_WARN_ENUM_CONVERSION = YES;
				CLANG_WARN_INFINITE_RECURSION = YES;
				CLANG_WARN_INT_CONVERSION = YES;
				CLANG_WARN_NON_LITERAL_NULL_CONVERSION = YES;
				CLANG_WARN_OBJC_IMPLICIT_RETAIN_SELF = YES;
				CLANG_WARN_OBJC_LITERAL_CONVERSION = YES;
				CLANG_WARN_OBJC_ROOT_CLASS = YES_ERROR;
				CLANG_WARN_RANGE_LOOP_ANALYSIS = YES;
				CLANG_WARN_STRICT_PROTOTYPES = YES;
				CLANG_WARN_SUSPICIOUS_MOVE = YES;
				CLANG_WARN_UNGUARDED_AVAILABILITY = YES_AGGRESSIVE;
				CLANG_WARN_UNREACHABLE_CODE = YES;
				CLANG_WARN__DUPLICATE_METHOD_MATCH = YES;
				CODE_SIGN_IDENTITY = "iPhone Developer";
				COPY_PHASE_STRIP = NO;
				DEBUG_INFORMATION_FORMAT = dwarf;
				ENABLE_STRICT_OBJC_MSGSEND = YES;
				ENABLE_TESTABILITY = YES;
				GCC_C_LANGUAGE_STANDARD = gnu11;
				GCC_DYNAMIC_NO_PIC = NO;
				GCC_NO_COMMON_BLOCKS = YES;
				GCC_OPTIMIZATION_LEVEL = 0;
				GCC_PREPROCESSOR_DEFINITIONS = (
					"DEBUG=1",
					"$(inherited)",
				);
				GCC_WARN_64_TO_32_BIT_CONVERSION = YES;
				GCC_WARN_ABOUT_RETURN_TYPE = YES_ERROR;
				GCC_WARN_UNDECLARED_SELECTOR = YES;
				GCC_WARN_UNINITIALIZED_AUTOS = YES_AGGRESSIVE;
				GCC_WARN_UNUSED_FUNCTION = YES;
				GCC_WARN_UNUSED_VARIABLE = YES;
				IPHONEOS_DEPLOYMENT_TARGET = 12.1;
				MTL_ENABLE_DEBUG_INFO = INCLUDE_SOURCE;
				MTL_FAST_MATH = YES;
				ONLY_ACTIVE_ARCH = YES;
				SDKROOT = iphoneos;
				SWIFT_ACTIVE_COMPILATION_CONDITIONS = DEBUG;
				SWIFT_OPTIMIZATION_LEVEL = "-Onone";
			};
			name = Debug;
		};
		ED17037A2208F4A9001D9C45 /* Release */ = {
			isa = XCBuildConfiguration;
			buildSettings = {
				ALWAYS_SEARCH_USER_PATHS = NO;
				CLANG_ANALYZER_NONNULL = YES;
				CLANG_ANALYZER_NUMBER_OBJECT_CONVERSION = YES_AGGRESSIVE;
				CLANG_CXX_LANGUAGE_STANDARD = "gnu++14";
				CLANG_CXX_LIBRARY = "libc++";
				CLANG_ENABLE_MODULES = YES;
				CLANG_ENABLE_OBJC_ARC = YES;
				CLANG_ENABLE_OBJC_WEAK = YES;
				CLANG_WARN_BLOCK_CAPTURE_AUTORELEASING = YES;
				CLANG_WARN_BOOL_CONVERSION = YES;
				CLANG_WARN_COMMA = YES;
				CLANG_WARN_CONSTANT_CONVERSION = YES;
				CLANG_WARN_DEPRECATED_OBJC_IMPLEMENTATIONS = YES;
				CLANG_WARN_DIRECT_OBJC_ISA_USAGE = YES_ERROR;
				CLANG_WARN_DOCUMENTATION_COMMENTS = YES;
				CLANG_WARN_EMPTY_BODY = YES;
				CLANG_WARN_ENUM_CONVERSION = YES;
				CLANG_WARN_INFINITE_RECURSION = YES;
				CLANG_WARN_INT_CONVERSION = YES;
				CLANG_WARN_NON_LITERAL_NULL_CONVERSION = YES;
				CLANG_WARN_OBJC_IMPLICIT_RETAIN_SELF = YES;
				CLANG_WARN_OBJC_LITERAL_CONVERSION = YES;
				CLANG_WARN_OBJC_ROOT_CLASS = YES_ERROR;
				CLANG_WARN_RANGE_LOOP_ANALYSIS = YES;
				CLANG_WARN_STRICT_PROTOTYPES = YES;
				CLANG_WARN_SUSPICIOUS_MOVE = YES;
				CLANG_WARN_UNGUARDED_AVAILABILITY = YES_AGGRESSIVE;
				CLANG_WARN_UNREACHABLE_CODE = YES;
				CLANG_WARN__DUPLICATE_METHOD_MATCH = YES;
				CODE_SIGN_IDENTITY = "iPhone Developer";
				COPY_PHASE_STRIP = NO;
				DEBUG_INFORMATION_FORMAT = "dwarf-with-dsym";
				ENABLE_NS_ASSERTIONS = NO;
				ENABLE_STRICT_OBJC_MSGSEND = YES;
				GCC_C_LANGUAGE_STANDARD = gnu11;
				GCC_NO_COMMON_BLOCKS = YES;
				GCC_WARN_64_TO_32_BIT_CONVERSION = YES;
				GCC_WARN_ABOUT_RETURN_TYPE = YES_ERROR;
				GCC_WARN_UNDECLARED_SELECTOR = YES;
				GCC_WARN_UNINITIALIZED_AUTOS = YES_AGGRESSIVE;
				GCC_WARN_UNUSED_FUNCTION = YES;
				GCC_WARN_UNUSED_VARIABLE = YES;
				IPHONEOS_DEPLOYMENT_TARGET = 12.1;
				MTL_ENABLE_DEBUG_INFO = NO;
				MTL_FAST_MATH = YES;
				SDKROOT = iphoneos;
				SWIFT_COMPILATION_MODE = wholemodule;
				SWIFT_OPTIMIZATION_LEVEL = "-O";
				VALIDATE_PRODUCT = YES;
			};
			name = Release;
		};
		ED17037C2208F4A9001D9C45 /* Debug */ = {
			isa = XCBuildConfiguration;
			buildSettings = {
				ASSETCATALOG_COMPILER_APPICON_NAME = AppIcon;
				CODE_SIGN_STYLE = Automatic;
				INFOPLIST_FILE = "$(SRCROOT)/POST2/Resources/Info.plist";
				LD_RUNPATH_SEARCH_PATHS = (
					"$(inherited)",
					"@executable_path/Frameworks",
				);
				PRODUCT_BUNDLE_IDENTIFIER = Andrus.POST2;
				PRODUCT_NAME = "$(TARGET_NAME)";
				SWIFT_VERSION = 4.2;
				TARGETED_DEVICE_FAMILY = "1,2";
			};
			name = Debug;
		};
		ED17037D2208F4A9001D9C45 /* Release */ = {
			isa = XCBuildConfiguration;
			buildSettings = {
				ASSETCATALOG_COMPILER_APPICON_NAME = AppIcon;
				CODE_SIGN_STYLE = Automatic;
				INFOPLIST_FILE = "$(SRCROOT)/POST2/Resources/Info.plist";
				LD_RUNPATH_SEARCH_PATHS = (
					"$(inherited)",
					"@executable_path/Frameworks",
				);
				PRODUCT_BUNDLE_IDENTIFIER = Andrus.POST2;
				PRODUCT_NAME = "$(TARGET_NAME)";
				SWIFT_VERSION = 4.2;
				TARGETED_DEVICE_FAMILY = "1,2";
			};
			name = Release;
		};
/* End XCBuildConfiguration section */

/* Begin XCConfigurationList section */
		ED1703642208F4A8001D9C45 /* Build configuration list for PBXProject "POST2" */ = {
			isa = XCConfigurationList;
			buildConfigurations = (
				ED1703792208F4A9001D9C45 /* Debug */,
				ED17037A2208F4A9001D9C45 /* Release */,
			);
			defaultConfigurationIsVisible = 0;
			defaultConfigurationName = Release;
		};
		ED17037B2208F4A9001D9C45 /* Build configuration list for PBXNativeTarget "POST2" */ = {
			isa = XCConfigurationList;
			buildConfigurations = (
				ED17037C2208F4A9001D9C45 /* Debug */,
				ED17037D2208F4A9001D9C45 /* Release */,
			);
			defaultConfigurationIsVisible = 0;
			defaultConfigurationName = Release;
		};
/* End XCConfigurationList section */
	};
	rootObject = ED1703612208F4A8001D9C45 /* Project object */;
}
